
Microsoft Visual Studio Solution File, Format Version 12.00
# Visual Studio Version 17
VisualStudioVersion = 17.10.35027.167
MinimumVisualStudioVersion = 10.0.40219.1
Project("{FAE04EC0-301F-11D3-BF4B-00C04F79EFBC}") = "ZeynepCakir", "ZeynepCakir\ZeynepCakir.csproj", "{C918CDA8-272C-4325-9CE9-FE83F7F49564}"
EndProject
Global
	GlobalSection(SolutionConfigurationPlatforms) = preSolution
		Debug|Any CPU = Debug|Any CPU
		Release|Any CPU = Release|Any CPU
	EndGlobalSection
	GlobalSection(ProjectConfigurationPlatforms) = postSolution
		{C918CDA8-272C-4325-9CE9-FE83F7F49564}.Debug|Any CPU.ActiveCfg = Debug|Any CPU
		{C918CDA8-272C-4325-9CE9-FE83F7F49564}.Debug|Any CPU.Build.0 = Debug|Any CPU
		{C918CDA8-272C-4325-9CE9-FE83F7F49564}.Release|Any CPU.ActiveCfg = Release|Any CPU
		{C918CDA8-272C-4325-9CE9-FE83F7F49564}.Release|Any CPU.Build.0 = Release|Any CPU
	EndGlobalSection
	GlobalSection(SolutionProperties) = preSolution
		HideSolutionNode = FALSE
	EndGlobalSection
	GlobalSection(ExtensibilityGlobals) = postSolution
		SolutionGuid = {22475F02-F442-48D4-B262-1588B92245DC}
	EndGlobalSection
EndGlobal
